
Microsoft Visual Studio Solution File, Format Version 12.00
# Visual Studio Version 17
VisualStudioVersion = 17.9.34622.214
MinimumVisualStudioVersion = 10.0.40219.1
Project("{9A19103F-16F7-4668-BE54-9A1E7A4F7556}") = "FirstAtlanticCommerceAPI", "FirstAtlanticCommerceAPI.csproj", "{20212CA4-E4F9-4EEB-A19A-F5D7E44D9BEE}"
EndProject
Global
	GlobalSection(SolutionConfigurationPlatforms) = preSolution
		Debug|Any CPU = Debug|Any CPU
		Release|Any CPU = Release|Any CPU
	EndGlobalSection
	GlobalSection(ProjectConfigurationPlatforms) = postSolution
		{20212CA4-E4F9-4EEB-A19A-F5D7E44D9BEE}.Debug|Any CPU.ActiveCfg = Debug|Any CPU
		{20212CA4-E4F9-4EEB-A19A-F5D7E44D9BEE}.Debug|Any CPU.Build.0 = Debug|Any CPU
		{20212CA4-E4F9-4EEB-A19A-F5D7E44D9BEE}.Release|Any CPU.ActiveCfg = Release|Any CPU
		{20212CA4-E4F9-4EEB-A19A-F5D7E44D9BEE}.Release|Any CPU.Build.0 = Release|Any CPU
	EndGlobalSection
	GlobalSection(SolutionProperties) = preSolution
		HideSolutionNode = FALSE
	EndGlobalSection
	GlobalSection(ExtensibilityGlobals) = postSolution
		SolutionGuid = {92D842F3-6919-41CA-B3A0-7DBD6DEE2C3D}
	EndGlobalSection
EndGlobal
